
Microsoft Visual Studio Solution File, Format Version 12.00
# Visual Studio Version 17
VisualStudioVersion = 17.2.32616.157
MinimumVisualStudioVersion = 10.0.40219.1
Project("{FAE04EC0-301F-11D3-BF4B-00C04F79EFBC}") = "RecordKeystrokes (chapter 3)", "RecordKeystrokes (chapter 3)\RecordKeystrokes (chapter 3).csproj", "{A084816C-D365-4780-9B3F-2A7959DA47C7}"
EndProject
Global
	GlobalSection(SolutionConfigurationPlatforms) = preSolution
		Debug|Any CPU = Debug|Any CPU
		Release|Any CPU = Release|Any CPU
	EndGlobalSection
	GlobalSection(ProjectConfigurationPlatforms) = postSolution
		{A084816C-D365-4780-9B3F-2A7959DA47C7}.Debug|Any CPU.ActiveCfg = Debug|Any CPU
		{A084816C-D365-4780-9B3F-2A7959DA47C7}.Debug|Any CPU.Build.0 = Debug|Any CPU
		{A084816C-D365-4780-9B3F-2A7959DA47C7}.Release|Any CPU.ActiveCfg = Release|Any CPU
		{A084816C-D365-4780-9B3F-2A7959DA47C7}.Release|Any CPU.Build.0 = Release|Any CPU
	EndGlobalSection
	GlobalSection(SolutionProperties) = preSolution
		HideSolutionNode = FALSE
	EndGlobalSection
	GlobalSection(ExtensibilityGlobals) = postSolution
		SolutionGuid = {72675FA1-2C77-40AE-ACD0-180094110FE2}
	EndGlobalSection
EndGlobal
