
Microsoft Visual Studio Solution File, Format Version 12.00
# Visual Studio Version 17
VisualStudioVersion = 17.2.32616.157
MinimumVisualStudioVersion = 10.0.40219.1
Project("{FAE04EC0-301F-11D3-BF4B-00C04F79EFBC}") = "SimpleEllipse (chapter 10)", "SimpleEllipse (chapter 10)\SimpleEllipse (chapter 10).csproj", "{4A12AE01-3AD1-4B1A-9613-A25BBF99CCD6}"
EndProject
Global
	GlobalSection(SolutionConfigurationPlatforms) = preSolution
		Debug|Any CPU = Debug|Any CPU
		Release|Any CPU = Release|Any CPU
	EndGlobalSection
	GlobalSection(ProjectConfigurationPlatforms) = postSolution
		{4A12AE01-3AD1-4B1A-9613-A25BBF99CCD6}.Debug|Any CPU.ActiveCfg = Debug|Any CPU
		{4A12AE01-3AD1-4B1A-9613-A25BBF99CCD6}.Debug|Any CPU.Build.0 = Debug|Any CPU
		{4A12AE01-3AD1-4B1A-9613-A25BBF99CCD6}.Release|Any CPU.ActiveCfg = Release|Any CPU
		{4A12AE01-3AD1-4B1A-9613-A25BBF99CCD6}.Release|Any CPU.Build.0 = Release|Any CPU
	EndGlobalSection
	GlobalSection(SolutionProperties) = preSolution
		HideSolutionNode = FALSE
	EndGlobalSection
	GlobalSection(ExtensibilityGlobals) = postSolution
		SolutionGuid = {837A8021-25A0-49CC-ADE7-C6C8A0FBE8DF}
	EndGlobalSection
EndGlobal
