
Microsoft Visual Studio Solution File, Format Version 12.00
# Visual Studio Version 17
VisualStudioVersion = 17.2.32616.157
MinimumVisualStudioVersion = 10.0.40219.1
Project("{FAE04EC0-301F-11D3-BF4B-00C04F79EFBC}") = "1 chapter", "1 chapter\1 chapter.csproj", "{BCC21841-C839-4AB8-9B40-6A99F9052052}"
EndProject
Global
	GlobalSection(SolutionConfigurationPlatforms) = preSolution
		Debug|Any CPU = Debug|Any CPU
		Release|Any CPU = Release|Any CPU
	EndGlobalSection
	GlobalSection(ProjectConfigurationPlatforms) = postSolution
		{BCC21841-C839-4AB8-9B40-6A99F9052052}.Debug|Any CPU.ActiveCfg = Debug|Any CPU
		{BCC21841-C839-4AB8-9B40-6A99F9052052}.Debug|Any CPU.Build.0 = Debug|Any CPU
		{BCC21841-C839-4AB8-9B40-6A99F9052052}.Release|Any CPU.ActiveCfg = Release|Any CPU
		{BCC21841-C839-4AB8-9B40-6A99F9052052}.Release|Any CPU.Build.0 = Release|Any CPU
	EndGlobalSection
	GlobalSection(SolutionProperties) = preSolution
		HideSolutionNode = FALSE
	EndGlobalSection
	GlobalSection(ExtensibilityGlobals) = postSolution
		SolutionGuid = {CE218674-EBF2-43CB-B0A7-597466B8B8F5}
	EndGlobalSection
EndGlobal
