
Microsoft Visual Studio Solution File, Format Version 12.00
# Visual Studio Version 17
VisualStudioVersion = 17.2.32616.157
MinimumVisualStudioVersion = 10.0.40219.1
Project("{FAE04EC0-301F-11D3-BF4B-00C04F79EFBC}") = "DockAroundTheBlock (chapter 6)", "DockAroundTheBlock (chapter 6)\DockAroundTheBlock (chapter 6).csproj", "{102320D1-6140-4C7A-8450-CD3E208604EF}"
EndProject
Global
	GlobalSection(SolutionConfigurationPlatforms) = preSolution
		Debug|Any CPU = Debug|Any CPU
		Release|Any CPU = Release|Any CPU
	EndGlobalSection
	GlobalSection(ProjectConfigurationPlatforms) = postSolution
		{102320D1-6140-4C7A-8450-CD3E208604EF}.Debug|Any CPU.ActiveCfg = Debug|Any CPU
		{102320D1-6140-4C7A-8450-CD3E208604EF}.Debug|Any CPU.Build.0 = Debug|Any CPU
		{102320D1-6140-4C7A-8450-CD3E208604EF}.Release|Any CPU.ActiveCfg = Release|Any CPU
		{102320D1-6140-4C7A-8450-CD3E208604EF}.Release|Any CPU.Build.0 = Release|Any CPU
	EndGlobalSection
	GlobalSection(SolutionProperties) = preSolution
		HideSolutionNode = FALSE
	EndGlobalSection
	GlobalSection(ExtensibilityGlobals) = postSolution
		SolutionGuid = {B4E12B3A-FFB5-4AB5-8E49-9CD22CA2F876}
	EndGlobalSection
EndGlobal
