
Microsoft Visual Studio Solution File, Format Version 12.00
# Visual Studio Version 17
VisualStudioVersion = 17.2.32616.157
MinimumVisualStudioVersion = 10.0.40219.1
Project("{FAE04EC0-301F-11D3-BF4B-00C04F79EFBC}") = "StyleWithMultipleButtons (chapter 24)", "StyleWithMultipleButtons (chapter 24)\StyleWithMultipleButtons (chapter 24).csproj", "{22053E4E-F509-4255-9270-AEE676F41D88}"
EndProject
Global
	GlobalSection(SolutionConfigurationPlatforms) = preSolution
		Debug|Any CPU = Debug|Any CPU
		Release|Any CPU = Release|Any CPU
	EndGlobalSection
	GlobalSection(ProjectConfigurationPlatforms) = postSolution
		{22053E4E-F509-4255-9270-AEE676F41D88}.Debug|Any CPU.ActiveCfg = Debug|Any CPU
		{22053E4E-F509-4255-9270-AEE676F41D88}.Debug|Any CPU.Build.0 = Debug|Any CPU
		{22053E4E-F509-4255-9270-AEE676F41D88}.Release|Any CPU.ActiveCfg = Release|Any CPU
		{22053E4E-F509-4255-9270-AEE676F41D88}.Release|Any CPU.Build.0 = Release|Any CPU
	EndGlobalSection
	GlobalSection(SolutionProperties) = preSolution
		HideSolutionNode = FALSE
	EndGlobalSection
	GlobalSection(ExtensibilityGlobals) = postSolution
		SolutionGuid = {19F10D2E-A22A-410D-9632-BEF6417ED5A8}
	EndGlobalSection
EndGlobal
