
Microsoft Visual Studio Solution File, Format Version 12.00
# Visual Studio Version 16
VisualStudioVersion = 16.0.32510.428
MinimumVisualStudioVersion = 10.0.40219.1
Project("{FAE04EC0-301F-11D3-BF4B-00C04F79EFBC}") = "14 314 ControlXCV", "14 314 ControlXCV\14 314 ControlXCV.csproj", "{C0A40101-9B13-4202-B9C1-46C634E83124}"
EndProject
Global
	GlobalSection(SolutionConfigurationPlatforms) = preSolution
		Debug|Any CPU = Debug|Any CPU
		Release|Any CPU = Release|Any CPU
	EndGlobalSection
	GlobalSection(ProjectConfigurationPlatforms) = postSolution
		{C0A40101-9B13-4202-B9C1-46C634E83124}.Debug|Any CPU.ActiveCfg = Debug|Any CPU
		{C0A40101-9B13-4202-B9C1-46C634E83124}.Debug|Any CPU.Build.0 = Debug|Any CPU
		{C0A40101-9B13-4202-B9C1-46C634E83124}.Release|Any CPU.ActiveCfg = Release|Any CPU
		{C0A40101-9B13-4202-B9C1-46C634E83124}.Release|Any CPU.Build.0 = Release|Any CPU
	EndGlobalSection
	GlobalSection(SolutionProperties) = preSolution
		HideSolutionNode = FALSE
	EndGlobalSection
	GlobalSection(ExtensibilityGlobals) = postSolution
		SolutionGuid = {0CABD686-C461-4449-BA7E-4B6E7054586A}
	EndGlobalSection
EndGlobal
