
Microsoft Visual Studio Solution File, Format Version 12.00
# Visual Studio Version 16
VisualStudioVersion = 16.0.32510.428
MinimumVisualStudioVersion = 10.0.40219.1
Project("{FAE04EC0-301F-11D3-BF4B-00C04F79EFBC}") = "03 058 RecordKeystrokes", "03 058 RecordKeystrokes\03 058 RecordKeystrokes.csproj", "{C9F58BCE-EB95-434C-92AB-645A99C652DC}"
EndProject
Global
	GlobalSection(SolutionConfigurationPlatforms) = preSolution
		Debug|Any CPU = Debug|Any CPU
		Release|Any CPU = Release|Any CPU
	EndGlobalSection
	GlobalSection(ProjectConfigurationPlatforms) = postSolution
		{C9F58BCE-EB95-434C-92AB-645A99C652DC}.Debug|Any CPU.ActiveCfg = Debug|Any CPU
		{C9F58BCE-EB95-434C-92AB-645A99C652DC}.Debug|Any CPU.Build.0 = Debug|Any CPU
		{C9F58BCE-EB95-434C-92AB-645A99C652DC}.Release|Any CPU.ActiveCfg = Release|Any CPU
		{C9F58BCE-EB95-434C-92AB-645A99C652DC}.Release|Any CPU.Build.0 = Release|Any CPU
	EndGlobalSection
	GlobalSection(SolutionProperties) = preSolution
		HideSolutionNode = FALSE
	EndGlobalSection
	GlobalSection(ExtensibilityGlobals) = postSolution
		SolutionGuid = {65466C7C-D3D2-4A7F-B07F-8BA1512F97E2}
	EndGlobalSection
EndGlobal
